
Microsoft Visual Studio Solution File, Format Version 12.00
# Visual Studio 14
VisualStudioVersion = 14.0.25123.0
MinimumVisualStudioVersion = 10.0.40219.1
Project("{FAE04EC0-301F-11D3-BF4B-00C04F79EFBC}") = "Examen", "Examen\Examen.csproj", "{23DE4432-8E19-4A67-8C52-C5C3539D4FD9}"
EndProject
Project("{2150E333-8FDC-42A3-9474-1A3956D46DE8}") = "excepcioes", "excepcioes", "{4F642B1F-B798-4DF5-8B74-CBFBF7F8FE70}"
EndProject
Project("{FAE04EC0-301F-11D3-BF4B-00C04F79EFBC}") = "excepciones", "excepciones\excepciones.csproj", "{B18CA2EA-CD1E-49E2-840B-A82680A0271B}"
EndProject
Project("{FAE04EC0-301F-11D3-BF4B-00C04F79EFBC}") = "Excepciones1", "Excepciones1\Excepciones1.csproj", "{2F3A6DC9-B659-424B-93BD-3C5E37E1F5AF}"
EndProject
Global
	GlobalSection(SolutionConfigurationPlatforms) = preSolution
		Debug|Any CPU = Debug|Any CPU
		Release|Any CPU = Release|Any CPU
	EndGlobalSection
	GlobalSection(ProjectConfigurationPlatforms) = postSolution
		{23DE4432-8E19-4A67-8C52-C5C3539D4FD9}.Debug|Any CPU.ActiveCfg = Debug|Any CPU
		{23DE4432-8E19-4A67-8C52-C5C3539D4FD9}.Debug|Any CPU.Build.0 = Debug|Any CPU
		{23DE4432-8E19-4A67-8C52-C5C3539D4FD9}.Release|Any CPU.ActiveCfg = Release|Any CPU
		{23DE4432-8E19-4A67-8C52-C5C3539D4FD9}.Release|Any CPU.Build.0 = Release|Any CPU
		{B18CA2EA-CD1E-49E2-840B-A82680A0271B}.Debug|Any CPU.ActiveCfg = Debug|Any CPU
		{B18CA2EA-CD1E-49E2-840B-A82680A0271B}.Debug|Any CPU.Build.0 = Debug|Any CPU
		{B18CA2EA-CD1E-49E2-840B-A82680A0271B}.Release|Any CPU.ActiveCfg = Release|Any CPU
		{B18CA2EA-CD1E-49E2-840B-A82680A0271B}.Release|Any CPU.Build.0 = Release|Any CPU
		{2F3A6DC9-B659-424B-93BD-3C5E37E1F5AF}.Debug|Any CPU.ActiveCfg = Debug|Any CPU
		{2F3A6DC9-B659-424B-93BD-3C5E37E1F5AF}.Debug|Any CPU.Build.0 = Debug|Any CPU
		{2F3A6DC9-B659-424B-93BD-3C5E37E1F5AF}.Release|Any CPU.ActiveCfg = Release|Any CPU
		{2F3A6DC9-B659-424B-93BD-3C5E37E1F5AF}.Release|Any CPU.Build.0 = Release|Any CPU
	EndGlobalSection
	GlobalSection(SolutionProperties) = preSolution
		HideSolutionNode = FALSE
	EndGlobalSection
	GlobalSection(NestedProjects) = preSolution
		{B18CA2EA-CD1E-49E2-840B-A82680A0271B} = {4F642B1F-B798-4DF5-8B74-CBFBF7F8FE70}
	EndGlobalSection
EndGlobal
