
Microsoft Visual Studio Solution File, Format Version 12.00
# Visual Studio 14
VisualStudioVersion = 14.0.25123.0
MinimumVisualStudioVersion = 10.0.40219.1
Project("{FAE04EC0-301F-11D3-BF4B-00C04F79EFBC}") = "IneqWinFormAPP", "IneqWinFormAPP\IneqWinFormAPP.csproj", "{6C189276-56F8-4E06-A628-250C8C7A9B65}"
EndProject
Project("{FAE04EC0-301F-11D3-BF4B-00C04F79EFBC}") = "DataAccess", "DataAccess\DataAccess.csproj", "{94F60DA4-5FAA-41E0-AF0E-C392209A9D24}"
EndProject
Project("{FAE04EC0-301F-11D3-BF4B-00C04F79EFBC}") = "BussinessLogic", "ClassLibrary1\BussinessLogic.csproj", "{3EAE503D-3D11-424E-93A6-2FA2FBD00569}"
EndProject
Project("{FAE04EC0-301F-11D3-BF4B-00C04F79EFBC}") = "Entities", "Entities\Entities.csproj", "{ABC23BCD-65E2-4A2E-A855-116BCA6832B3}"
EndProject
Global
	GlobalSection(SolutionConfigurationPlatforms) = preSolution
		Debug|Any CPU = Debug|Any CPU
		Release|Any CPU = Release|Any CPU
	EndGlobalSection
	GlobalSection(ProjectConfigurationPlatforms) = postSolution
		{6C189276-56F8-4E06-A628-250C8C7A9B65}.Debug|Any CPU.ActiveCfg = Debug|Any CPU
		{6C189276-56F8-4E06-A628-250C8C7A9B65}.Debug|Any CPU.Build.0 = Debug|Any CPU
		{6C189276-56F8-4E06-A628-250C8C7A9B65}.Release|Any CPU.ActiveCfg = Release|Any CPU
		{6C189276-56F8-4E06-A628-250C8C7A9B65}.Release|Any CPU.Build.0 = Release|Any CPU
		{94F60DA4-5FAA-41E0-AF0E-C392209A9D24}.Debug|Any CPU.ActiveCfg = Debug|Any CPU
		{94F60DA4-5FAA-41E0-AF0E-C392209A9D24}.Debug|Any CPU.Build.0 = Debug|Any CPU
		{94F60DA4-5FAA-41E0-AF0E-C392209A9D24}.Release|Any CPU.ActiveCfg = Release|Any CPU
		{94F60DA4-5FAA-41E0-AF0E-C392209A9D24}.Release|Any CPU.Build.0 = Release|Any CPU
		{3EAE503D-3D11-424E-93A6-2FA2FBD00569}.Debug|Any CPU.ActiveCfg = Debug|Any CPU
		{3EAE503D-3D11-424E-93A6-2FA2FBD00569}.Debug|Any CPU.Build.0 = Debug|Any CPU
		{3EAE503D-3D11-424E-93A6-2FA2FBD00569}.Release|Any CPU.ActiveCfg = Release|Any CPU
		{3EAE503D-3D11-424E-93A6-2FA2FBD00569}.Release|Any CPU.Build.0 = Release|Any CPU
		{ABC23BCD-65E2-4A2E-A855-116BCA6832B3}.Debug|Any CPU.ActiveCfg = Debug|Any CPU
		{ABC23BCD-65E2-4A2E-A855-116BCA6832B3}.Debug|Any CPU.Build.0 = Debug|Any CPU
		{ABC23BCD-65E2-4A2E-A855-116BCA6832B3}.Release|Any CPU.ActiveCfg = Release|Any CPU
		{ABC23BCD-65E2-4A2E-A855-116BCA6832B3}.Release|Any CPU.Build.0 = Release|Any CPU
	EndGlobalSection
	GlobalSection(SolutionProperties) = preSolution
		HideSolutionNode = FALSE
	EndGlobalSection
EndGlobal
